dependencies:
- name: common
  repository: https://charts.bitnami.com/bitnami
  version: 2.2.3
- name: harness-common
  repository: https://harness.github.io/helm-common
  version: 1.0.6
digest: sha256:d9b7c8830d157eb66f6e31cd2b617e947a257f4c790ed2c5c60f75bd6f2749ed
generated: "2023-02-15T11:16:50.829338Z"
